// !$*UTF8*$!
{
	archiveVersion = 1;
	classes = {
	};
	objectVersion = 56;
	objects = {

/* Begin PBXBuildFile section */
		B942E165297EAB8200148EA7 /* AppDelegate.swift in Sources */ = {isa = PBXBuildFile; fileRef = B942E164297EAB8200148EA7 /* AppDelegate.swift */; };
		B942E167297EAB8200148EA7 /* SceneDelegate.swift in Sources */ = {isa = PBXBuildFile; fileRef = B942E166297EAB8200148EA7 /* SceneDelegate.swift */; };
		B942E16C297EAB8200148EA7 /* Main.storyboard in Resources */ = {isa = PBXBuildFile; fileRef = B942E16A297EAB8200148EA7 /* Main.storyboard */; };
		B942E16E297EAB8600148EA7 /* Assets.xcassets in Resources */ = {isa = PBXBuildFile; fileRef = B942E16D297EAB8600148EA7 /* Assets.xcassets */; };
		B942E171297EAB8600148EA7 /* LaunchScreen.storyboard in Resources */ = {isa = PBXBuildFile; fileRef = B942E16F297EAB8600148EA7 /* LaunchScreen.storyboard */; };
		B942E17D297EABEB00148EA7 /* Constants.swift in Sources */ = {isa = PBXBuildFile; fileRef = B942E17C297EABEB00148EA7 /* Constants.swift */; };
		B942E180297EAC0F00148EA7 /* Service.swift in Sources */ = {isa = PBXBuildFile; fileRef = B942E17F297EAC0F00148EA7 /* Service.swift */; };
		B942E185297EAC5600148EA7 /* Student.swift in Sources */ = {isa = PBXBuildFile; fileRef = B942E184297EAC5600148EA7 /* Student.swift */; };
		B942E187297EAC7400148EA7 /* StudentViewModel.swift in Sources */ = {isa = PBXBuildFile; fileRef = B942E186297EAC7400148EA7 /* StudentViewModel.swift */; };
		B942E189297EAC8E00148EA7 /* StudentsViewController.swift in Sources */ = {isa = PBXBuildFile; fileRef = B942E188297EAC8E00148EA7 /* StudentsViewController.swift */; };
		B942E18D297EAD7F00148EA7 /* StudentsTableViewCell.swift in Sources */ = {isa = PBXBuildFile; fileRef = B942E18B297EAD7F00148EA7 /* StudentsTableViewCell.swift */; };
		B942E18E297EAD7F00148EA7 /* StudentsTableViewCell.xib in Resources */ = {isa = PBXBuildFile; fileRef = B942E18C297EAD7F00148EA7 /* StudentsTableViewCell.xib */; };
/* End PBXBuildFile section */

/* Begin PBXFileReference section */
		B942E161297EAB8200148EA7 /* Assignment.app */ = {isa = PBXFileReference; explicitFileType = wrapper.application; includeInIndex = 0; path = Assignment.app; sourceTree = BUILT_PRODUCTS_DIR; };
		B942E164297EAB8200148EA7 /* AppDelegate.swift */ = {isa = PBXFileReference; lastKnownFileType = sourcecode.swift; path = AppDelegate.swift; sourceTree = "<group>"; };
		B942E166297EAB8200148EA7 /* SceneDelegate.swift */ = {isa = PBXFileReference; lastKnownFileType = sourcecode.swift; path = SceneDelegate.swift; sourceTree = "<group>"; };
		B942E16B297EAB8200148EA7 /* Base */ = {isa = PBXFileReference; lastKnownFileType = file.storyboard; name = Base; path = Base.lproj/Main.storyboard; sourceTree = "<group>"; };
		B942E16D297EAB8600148EA7 /* Assets.xcassets */ = {isa = PBXFileReference; lastKnownFileType = folder.assetcatalog; path = Assets.xcassets; sourceTree = "<group>"; };
		B942E170297EAB8600148EA7 /* Base */ = {isa = PBXFileReference; lastKnownFileType = file.storyboard; name = Base; path = Base.lproj/LaunchScreen.storyboard; sourceTree = "<group>"; };
		B942E172297EAB8600148EA7 /* Info.plist */ = {isa = PBXFileReference; lastKnownFileType = text.plist.xml; path = Info.plist; sourceTree = "<group>"; };
		B942E17C297EABEB00148EA7 /* Constants.swift */ = {isa = PBXFileReference; lastKnownFileType = sourcecode.swift; path = Constants.swift; sourceTree = "<group>"; };
		B942E17F297EAC0F00148EA7 /* Service.swift */ = {isa = PBXFileReference; lastKnownFileType = sourcecode.swift; path = Service.swift; sourceTree = "<group>"; };
		B942E184297EAC5600148EA7 /* Student.swift */ = {isa = PBXFileReference; lastKnownFileType = sourcecode.swift; path = Student.swift; sourceTree = "<group>"; };
		B942E186297EAC7400148EA7 /* StudentViewModel.swift */ = {isa = PBXFileReference; lastKnownFileType = sourcecode.swift; path = StudentViewModel.swift; sourceTree = "<group>"; };
		B942E188297EAC8E00148EA7 /* StudentsViewController.swift */ = {isa = PBXFileReference; lastKnownFileType = sourcecode.swift; path = StudentsViewController.swift; sourceTree = "<group>"; };
		B942E18B297EAD7F00148EA7 /* StudentsTableViewCell.swift */ = {isa = PBXFileReference; lastKnownFileType = sourcecode.swift; path = StudentsTableViewCell.swift; sourceTree = "<group>"; };
		B942E18C297EAD7F00148EA7 /* StudentsTableViewCell.xib */ = {isa = PBXFileReference; lastKnownFileType = file.xib; path = StudentsTableViewCell.xib; sourceTree = "<group>"; };
/* End PBXFileReference section */

/* Begin PBXFrameworksBuildPhase section */
		B942E15E297EAB8200148EA7 /* Frameworks */ = {
			isa = PBXFrameworksBuildPhase;
			buildActionMask = 2147483647;
			files = (
			);
			runOnlyForDeploymentPostprocessing = 0;
		};
/* End PBXFrameworksBuildPhase section */

/* Begin PBXGroup section */
		B904FCF1297F1CA900754A6C /* StoryBoard */ = {
			isa = PBXGroup;
			children = (
				B942E16A297EAB8200148EA7 /* Main.storyboard */,
				B942E16F297EAB8600148EA7 /* LaunchScreen.storyboard */,
			);
			path = StoryBoard;
			sourceTree = "<group>";
		};
		B942E158297EAB8200148EA7 = {
			isa = PBXGroup;
			children = (
				B942E163297EAB8200148EA7 /* Assignment */,
				B942E162297EAB8200148EA7 /* Products */,
			);
			sourceTree = "<group>";
		};
		B942E162297EAB8200148EA7 /* Products */ = {
			isa = PBXGroup;
			children = (
				B942E161297EAB8200148EA7 /* Assignment.app */,
			);
			name = Products;
			sourceTree = "<group>";
		};
		B942E163297EAB8200148EA7 /* Assignment */ = {
			isa = PBXGroup;
			children = (
				B942E181297EAC3800148EA7 /* Model */,
				B942E183297EAC4800148EA7 /* View */,
				B942E182297EAC3F00148EA7 /* ViewModel */,
				B942E17E297EABFE00148EA7 /* Service */,
				B942E179297EABBA00148EA7 /* Constants */,
				B942E178297EABB200148EA7 /* Delegate */,
				B904FCF1297F1CA900754A6C /* StoryBoard */,
				B942E16D297EAB8600148EA7 /* Assets.xcassets */,
				B942E172297EAB8600148EA7 /* Info.plist */,
			);
			path = Assignment;
			sourceTree = "<group>";
		};
		B942E178297EABB200148EA7 /* Delegate */ = {
			isa = PBXGroup;
			children = (
				B942E164297EAB8200148EA7 /* AppDelegate.swift */,
				B942E166297EAB8200148EA7 /* SceneDelegate.swift */,
			);
			path = Delegate;
			sourceTree = "<group>";
		};
		B942E179297EABBA00148EA7 /* Constants */ = {
			isa = PBXGroup;
			children = (
				B942E17C297EABEB00148EA7 /* Constants.swift */,
			);
			path = Constants;
			sourceTree = "<group>";
		};
		B942E17E297EABFE00148EA7 /* Service */ = {
			isa = PBXGroup;
			children = (
				B942E17F297EAC0F00148EA7 /* Service.swift */,
			);
			path = Service;
			sourceTree = "<group>";
		};
		B942E181297EAC3800148EA7 /* Model */ = {
			isa = PBXGroup;
			children = (
				B942E184297EAC5600148EA7 /* Student.swift */,
			);
			path = Model;
			sourceTree = "<group>";
		};
		B942E182297EAC3F00148EA7 /* ViewModel */ = {
			isa = PBXGroup;
			children = (
				B942E186297EAC7400148EA7 /* StudentViewModel.swift */,
			);
			path = ViewModel;
			sourceTree = "<group>";
		};
		B942E183297EAC4800148EA7 /* View */ = {
			isa = PBXGroup;
			children = (
				B942E188297EAC8E00148EA7 /* StudentsViewController.swift */,
				B942E18A297EAC9C00148EA7 /* TableViewCell */,
			);
			path = View;
			sourceTree = "<group>";
		};
		B942E18A297EAC9C00148EA7 /* TableViewCell */ = {
			isa = PBXGroup;
			children = (
				B942E18B297EAD7F00148EA7 /* StudentsTableViewCell.swift */,
				B942E18C297EAD7F00148EA7 /* StudentsTableViewCell.xib */,
			);
			path = TableViewCell;
			sourceTree = "<group>";
		};
/* End PBXGroup section */

/* Begin PBXNativeTarget section */
		B942E160297EAB8200148EA7 /* Assignment */ = {
			isa = PBXNativeTarget;
			buildConfigurationList = B942E175297EAB8600148EA7 /* Build configuration list for PBXNativeTarget "Assignment" */;
			buildPhases = (
				B942E15D297EAB8200148EA7 /* Sources */,
				B942E15E297EAB8200148EA7 /* Frameworks */,
				B942E15F297EAB8200148EA7 /* Resources */,
			);
			buildRules = (
			);
			dependencies = (
			);
			name = Assignment;
			productName = Assignment;
			productReference = B942E161297EAB8200148EA7 /* Assignment.app */;
			productType = "com.apple.product-type.application";
		};
/* End PBXNativeTarget section */

/* Begin PBXProject section */
		B942E159297EAB8200148EA7 /* Project object */ = {
			isa = PBXProject;
			attributes = {
				BuildIndependentTargetsInParallel = 1;
				LastSwiftUpdateCheck = 1420;
				LastUpgradeCheck = 1420;
				TargetAttributes = {
					B942E160297EAB8200148EA7 = {
						CreatedOnToolsVersion = 14.2;
					};
				};
			};
			buildConfigurationList = B942E15C297EAB8200148EA7 /* Build configuration list for PBXProject "Assignment" */;
			compatibilityVersion = "Xcode 14.0";
			developmentRegion = en;
			hasScannedForEncodings = 0;
			knownRegions = (
				en,
				Base,
			);
			mainGroup = B942E158297EAB8200148EA7;
			productRefGroup = B942E162297EAB8200148EA7 /* Products */;
			projectDirPath = "";
			projectRoot = "";
			targets = (
				B942E160297EAB8200148EA7 /* Assignment */,
			);
		};
/* End PBXProject section */

/* Begin PBXResourcesBuildPhase section */
		B942E15F297EAB8200148EA7 /* Resources */ = {
			isa = PBXResourcesBuildPhase;
			buildActionMask = 2147483647;
			files = (
				B942E171297EAB8600148EA7 /* LaunchScreen.storyboard in Resources */,
				B942E16E297EAB8600148EA7 /* Assets.xcassets in Resources */,
				B942E16C297EAB8200148EA7 /* Main.storyboard in Resources */,
				B942E18E297EAD7F00148EA7 /* StudentsTableViewCell.xib in Resources */,
			);
			runOnlyForDeploymentPostprocessing = 0;
		};
/* End PBXResourcesBuildPhase section */

/* Begin PBXSourcesBuildPhase section */
		B942E15D297EAB8200148EA7 /* Sources */ = {
			isa = PBXSourcesBuildPhase;
			buildActionMask = 2147483647;
			files = (
				B942E187297EAC7400148EA7 /* StudentViewModel.swift in Sources */,
				B942E165297EAB8200148EA7 /* AppDelegate.swift in Sources */,
				B942E180297EAC0F00148EA7 /* Service.swift in Sources */,
				B942E18D297EAD7F00148EA7 /* StudentsTableViewCell.swift in Sources */,
				B942E167297EAB8200148EA7 /* SceneDelegate.swift in Sources */,
				B942E185297EAC5600148EA7 /* Student.swift in Sources */,
				B942E189297EAC8E00148EA7 /* StudentsViewController.swift in Sources */,
				B942E17D297EABEB00148EA7 /* Constants.swift in Sources */,
			);
			runOnlyForDeploymentPostprocessing = 0;
		};
/* End PBXSourcesBuildPhase section */

/* Begin PBXVariantGroup section */
		B942E16A297EAB8200148EA7 /* Main.storyboard */ = {
			isa = PBXVariantGroup;
			children = (
				B942E16B297EAB8200148EA7 /* Base */,
			);
			name = Main.storyboard;
			sourceTree = "<group>";
		};
		B942E16F297EAB8600148EA7 /* LaunchScreen.storyboard */ = {
			isa = PBXVariantGroup;
			children = (
				B942E170297EAB8600148EA7 /* Base */,
			);
			name = LaunchScreen.storyboard;
			sourceTree = "<group>";
		};
/* End PBXVariantGroup section */

/* Begin XCBuildConfiguration section */
		B942E173297EAB8600148EA7 /* Debug */ = {
			isa = XCBuildConfiguration;
			buildSettings = {
				ALWAYS_SEARCH_USER_PATHS = NO;
				CLANG_ANALYZER_NONNULL = YES;
				CLANG_ANALYZER_NUMBER_OBJECT_CONVERSION = YES_AGGRESSIVE;
				CLANG_CXX_LANGUAGE_STANDARD = "gnu++20";
				CLANG_ENABLE_MODULES = YES;
				CLANG_ENABLE_OBJC_ARC = YES;
				CLANG_ENABLE_OBJC_WEAK = YES;
				CLANG_WARN_BLOCK_CAPTURE_AUTORELEASING = YES;
				CLANG_WARN_BOOL_CONVERSION = YES;
				CLANG_WARN_COMMA = YES;
				CLANG_WARN_CONSTANT_CONVERSION = YES;
				CLANG_WARN_DEPRECATED_OBJC_IMPLEMENTATIONS = YES;
				CLANG_WARN_DIRECT_OBJC_ISA_USAGE = YES_ERROR;
				CLANG_WARN_DOCUMENTATION_COMMENTS = YES;
				CLANG_WARN_EMPTY_BODY = YES;
				CLANG_WARN_ENUM_CONVERSION = YES;
				CLANG_WARN_INFINITE_RECURSION = YES;
				CLANG_WARN_INT_CONVERSION = YES;
				CLANG_WARN_NON_LITERAL_NULL_CONVERSION = YES;
				CLANG_WARN_OBJC_IMPLICIT_RETAIN_SELF = YES;
				CLANG_WARN_OBJC_LITERAL_CONVERSION = YES;
				CLANG_WARN_OBJC_ROOT_CLASS = YES_ERROR;
				CLANG_WARN_QUOTED_INCLUDE_IN_FRAMEWORK_HEADER = YES;
				CLANG_WARN_RANGE_LOOP_ANALYSIS = YES;
				CLANG_WARN_STRICT_PROTOTYPES = YES;
				CLANG_WARN_SUSPICIOUS_MOVE = YES;
				CLANG_WARN_UNGUARDED_AVAILABILITY = YES_AGGRESSIVE;
				CLANG_WARN_UNREACHABLE_CODE = YES;
				CLANG_WARN__DUPLICATE_METHOD_MATCH = YES;
				COPY_PHASE_STRIP = NO;
				DEBUG_INFORMATION_FORMAT = dwarf;
				ENABLE_STRICT_OBJC_MSGSEND = YES;
				ENABLE_TESTABILITY = YES;
				GCC_C_LANGUAGE_STANDARD = gnu11;
				GCC_DYNAMIC_NO_PIC = NO;
				GCC_NO_COMMON_BLOCKS = YES;
				GCC_OPTIMIZATION_LEVEL = 0;
				GCC_PREPROCESSOR_DEFINITIONS = (
					"DEBUG=1",
					"$(inherited)",
				);
				GCC_WARN_64_TO_32_BIT_CONVERSION = YES;
				GCC_WARN_ABOUT_RETURN_TYPE = YES_ERROR;
				GCC_WARN_UNDECLARED_SELECTOR = YES;
				GCC_WARN_UNINITIALIZED_AUTOS = YES_AGGRESSIVE;
				GCC_WARN_UNUSED_FUNCTION = YES;
				GCC_WARN_UNUSED_VARIABLE = YES;
				IPHONEOS_DEPLOYMENT_TARGET = 16.2;
				MTL_ENABLE_DEBUG_INFO = INCLUDE_SOURCE;
				MTL_FAST_MATH = YES;
				ONLY_ACTIVE_ARCH = YES;
				SDKROOT = iphoneos;
				SWIFT_ACTIVE_COMPILATION_CONDITIONS = DEBUG;
				SWIFT_OPTIMIZATION_LEVEL = "-Onone";
			};
			name = Debug;
		};
		B942E174297EAB8600148EA7 /* Release */ = {
			isa = XCBuildConfiguration;
			buildSettings = {
				ALWAYS_SEARCH_USER_PATHS = NO;
				CLANG_ANALYZER_NONNULL = YES;
				CLANG_ANALYZER_NUMBER_OBJECT_CONVERSION = YES_AGGRESSIVE;
				CLANG_CXX_LANGUAGE_STANDARD = "gnu++20";
				CLANG_ENABLE_MODULES = YES;
				CLANG_ENABLE_OBJC_ARC = YES;
				CLANG_ENABLE_OBJC_WEAK = YES;
				CLANG_WARN_BLOCK_CAPTURE_AUTORELEASING = YES;
				CLANG_WARN_BOOL_CONVERSION = YES;
				CLANG_WARN_COMMA = YES;
				CLANG_WARN_CONSTANT_CONVERSION = YES;
				CLANG_WARN_DEPRECATED_OBJC_IMPLEMENTATIONS = YES;
				CLANG_WARN_DIRECT_OBJC_ISA_USAGE = YES_ERROR;
				CLANG_WARN_DOCUMENTATION_COMMENTS = YES;
				CLANG_WARN_EMPTY_BODY = YES;
				CLANG_WARN_ENUM_CONVERSION = YES;
				CLANG_WARN_INFINITE_RECURSION = YES;
				CLANG_WARN_INT_CONVERSION = YES;
				CLANG_WARN_NON_LITERAL_NULL_CONVERSION = YES;
				CLANG_WARN_OBJC_IMPLICIT_RETAIN_SELF = YES;
				CLANG_WARN_OBJC_LITERAL_CONVERSION = YES;
				CLANG_WARN_OBJC_ROOT_CLASS = YES_ERROR;
				CLANG_WARN_QUOTED_INCLUDE_IN_FRAMEWORK_HEADER = YES;
				CLANG_WARN_RANGE_LOOP_ANALYSIS = YES;
				CLANG_WARN_STRICT_PROTOTYPES = YES;
				CLANG_WARN_SUSPICIOUS_MOVE = YES;
				CLANG_WARN_UNGUARDED_AVAILABILITY = YES_AGGRESSIVE;
				CLANG_WARN_UNREACHABLE_CODE = YES;
				CLANG_WARN__DUPLICATE_METHOD_MATCH = YES;
				COPY_PHASE_STRIP = NO;
				DEBUG_INFORMATION_FORMAT = "dwarf-with-dsym";
				ENABLE_NS_ASSERTIONS = NO;
				ENABLE_STRICT_OBJC_MSGSEND = YES;
				GCC_C_LANGUAGE_STANDARD = gnu11;
				GCC_NO_COMMON_BLOCKS = YES;
				GCC_WARN_64_TO_32_BIT_CONVERSION = YES;
				GCC_WARN_ABOUT_RETURN_TYPE = YES_ERROR;
				GCC_WARN_UNDECLARED_SELECTOR = YES;
				GCC_WARN_UNINITIALIZED_AUTOS = YES_AGGRESSIVE;
				GCC_WARN_UNUSED_FUNCTION = YES;
				GCC_WARN_UNUSED_VARIABLE = YES;
				IPHONEOS_DEPLOYMENT_TARGET = 16.2;
				MTL_ENABLE_DEBUG_INFO = NO;
				MTL_FAST_MATH = YES;
				SDKROOT = iphoneos;
				SWIFT_COMPILATION_MODE = wholemodule;
				SWIFT_OPTIMIZATION_LEVEL = "-O";
				VALIDATE_PRODUCT = YES;
			};
			name = Release;
		};
		B942E176297EAB8600148EA7 /* Debug */ = {
			isa = XCBuildConfiguration;
			buildSettings = {
				ASSETCATALOG_COMPILER_APPICON_NAME = AppIcon;
				ASSETCATALOG_COMPILER_GLOBAL_ACCENT_COLOR_NAME = AccentColor;
				CODE_SIGN_STYLE = Automatic;
				CURRENT_PROJECT_VERSION = 1;
				DEVELOPMENT_TEAM = 5896F7FKBX;
				GENERATE_INFOPLIST_FILE = YES;
				INFOPLIST_FILE = Assignment/Info.plist;
				INFOPLIST_KEY_UIApplicationSupportsIndirectInputEvents = YES;
				INFOPLIST_KEY_UILaunchStoryboardName = LaunchScreen;
				INFOPLIST_KEY_UIMainStoryboardFile = Main;
				INFOPLIST_KEY_UISupportedInterfaceOrientations_iPad = "UIInterfaceOrientationPortrait UIInterfaceOrientationPortraitUpsideDown UIInterfaceOrientationLandscapeLeft UIInterfaceOrientationLandscapeRight";
				INFOPLIST_KEY_UISupportedInterfaceOrientations_iPhone = "UIInterfaceOrientationPortrait UIInterfaceOrientationLandscapeLeft UIInterfaceOrientationLandscapeRight";
				IPHONEOS_DEPLOYMENT_TARGET = 14.0;
				LD_RUNPATH_SEARCH_PATHS = (
					"$(inherited)",
					"@executable_path/Frameworks",
				);
				MARKETING_VERSION = 1.0;
				PRODUCT_BUNDLE_IDENTIFIER = com.swiftwizard.Assignment;
				PRODUCT_NAME = "$(TARGET_NAME)";
				SUPPORTED_PLATFORMS = "iphoneos iphonesimulator";
				SUPPORTS_MACCATALYST = NO;
				SUPPORTS_MAC_DESIGNED_FOR_IPHONE_IPAD = NO;
				SWIFT_EMIT_LOC_STRINGS = YES;
				SWIFT_VERSION = 5.0;
				TARGETED_DEVICE_FAMILY = 1;
			};
			name = Debug;
		};
		B942E177297EAB8600148EA7 /* Release */ = {
			isa = XCBuildConfiguration;
			buildSettings = {
				ASSETCATALOG_COMPILER_APPICON_NAME = AppIcon;
				ASSETCATALOG_COMPILER_GLOBAL_ACCENT_COLOR_NAME = AccentColor;
				CODE_SIGN_STYLE = Automatic;
				CURRENT_PROJECT_VERSION = 1;
				DEVELOPMENT_TEAM = 5896F7FKBX;
				GENERATE_INFOPLIST_FILE = YES;
				INFOPLIST_FILE = Assignment/Info.plist;
				INFOPLIST_KEY_UIApplicationSupportsIndirectInputEvents = YES;
				INFOPLIST_KEY_UILaunchStoryboardName = LaunchScreen;
				INFOPLIST_KEY_UIMainStoryboardFile = Main;
				INFOPLIST_KEY_UISupportedInterfaceOrientations_iPad = "UIInterfaceOrientationPortrait UIInterfaceOrientationPortraitUpsideDown UIInterfaceOrientationLandscapeLeft UIInterfaceOrientationLandscapeRight";
				INFOPLIST_KEY_UISupportedInterfaceOrientations_iPhone = "UIInterfaceOrientationPortrait UIInterfaceOrientationLandscapeLeft UIInterfaceOrientationLandscapeRight";
				IPHONEOS_DEPLOYMENT_TARGET = 14.0;
				LD_RUNPATH_SEARCH_PATHS = (
					"$(inherited)",
					"@executable_path/Frameworks",
				);
				MARKETING_VERSION = 1.0;
				PRODUCT_BUNDLE_IDENTIFIER = com.swiftwizard.Assignment;
				PRODUCT_NAME = "$(TARGET_NAME)";
				SUPPORTED_PLATFORMS = "iphoneos iphonesimulator";
				SUPPORTS_MACCATALYST = NO;
				SUPPORTS_MAC_DESIGNED_FOR_IPHONE_IPAD = NO;
				SWIFT_EMIT_LOC_STRINGS = YES;
				SWIFT_VERSION = 5.0;
				TARGETED_DEVICE_FAMILY = 1;
			};
			name = Release;
		};
/* End XCBuildConfiguration section */

/* Begin XCConfigurationList section */
		B942E15C297EAB8200148EA7 /* Build configuration list for PBXProject "Assignment" */ = {
			isa = XCConfigurationList;
			buildConfigurations = (
				B942E173297EAB8600148EA7 /* Debug */,
				B942E174297EAB8600148EA7 /* Release */,
			);
			defaultConfigurationIsVisible = 0;
			defaultConfigurationName = Release;
		};
		B942E175297EAB8600148EA7 /* Build configuration list for PBXNativeTarget "Assignment" */ = {
			isa = XCConfigurationList;
			buildConfigurations = (
				B942E176297EAB8600148EA7 /* Debug */,
				B942E177297EAB8600148EA7 /* Release */,
			);
			defaultConfigurationIsVisible = 0;
			defaultConfigurationName = Release;
		};
/* End XCConfigurationList section */
	};
	rootObject = B942E159297EAB8200148EA7 /* Project object */;
}
